
Microsoft Visual Studio Solution File, Format Version 12.00
# Visual Studio 2012
Project("{FAE04EC0-301F-11D3-BF4B-00C04F79EFBC}") = "DocX.iOS.Test", "DocX.iOS.Test\DocX.iOS.Test.csproj", "{E504B3DA-ED72-4A45-ADCC-F573908A84EB}"
EndProject
Project("{FAE04EC0-301F-11D3-BF4B-00C04F79EFBC}") = "DocX.iOS", "DocX.iOS\DocX.iOS.csproj", "{70FC6AB5-5C6C-4E7A-92B7-0B24E16FE0EC}"
EndProject
Global
	GlobalSection(SolutionConfigurationPlatforms) = preSolution
		Debug|iPhoneSimulator = Debug|iPhoneSimulator
		Release|iPhone = Release|iPhone
		Release|iPhoneSimulator = Release|iPhoneSimulator
		Debug|iPhone = Debug|iPhone
	EndGlobalSection
	GlobalSection(ProjectConfigurationPlatforms) = postSolution
		{70FC6AB5-5C6C-4E7A-92B7-0B24E16FE0EC}.Debug|iPhone.ActiveCfg = Debug|Any CPU
		{70FC6AB5-5C6C-4E7A-92B7-0B24E16FE0EC}.Debug|iPhone.Build.0 = Debug|Any CPU
		{70FC6AB5-5C6C-4E7A-92B7-0B24E16FE0EC}.Debug|iPhoneSimulator.ActiveCfg = Debug|Any CPU
		{70FC6AB5-5C6C-4E7A-92B7-0B24E16FE0EC}.Debug|iPhoneSimulator.Build.0 = Debug|Any CPU
		{70FC6AB5-5C6C-4E7A-92B7-0B24E16FE0EC}.Release|iPhone.ActiveCfg = Release|Any CPU
		{70FC6AB5-5C6C-4E7A-92B7-0B24E16FE0EC}.Release|iPhone.Build.0 = Release|Any CPU
		{70FC6AB5-5C6C-4E7A-92B7-0B24E16FE0EC}.Release|iPhoneSimulator.ActiveCfg = Release|Any CPU
		{70FC6AB5-5C6C-4E7A-92B7-0B24E16FE0EC}.Release|iPhoneSimulator.Build.0 = Release|Any CPU
		{E504B3DA-ED72-4A45-ADCC-F573908A84EB}.Debug|iPhone.ActiveCfg = Debug|iPhone
		{E504B3DA-ED72-4A45-ADCC-F573908A84EB}.Debug|iPhone.Build.0 = Debug|iPhone
		{E504B3DA-ED72-4A45-ADCC-F573908A84EB}.Debug|iPhoneSimulator.ActiveCfg = Debug|iPhoneSimulator
		{E504B3DA-ED72-4A45-ADCC-F573908A84EB}.Debug|iPhoneSimulator.Build.0 = Debug|iPhoneSimulator
		{E504B3DA-ED72-4A45-ADCC-F573908A84EB}.Release|iPhone.ActiveCfg = Release|iPhone
		{E504B3DA-ED72-4A45-ADCC-F573908A84EB}.Release|iPhone.Build.0 = Release|iPhone
		{E504B3DA-ED72-4A45-ADCC-F573908A84EB}.Release|iPhoneSimulator.ActiveCfg = Release|iPhoneSimulator
		{E504B3DA-ED72-4A45-ADCC-F573908A84EB}.Release|iPhoneSimulator.Build.0 = Release|iPhoneSimulator
	EndGlobalSection
EndGlobal
