
Microsoft Visual Studio Solution File, Format Version 12.00
# Visual Studio 14
VisualStudioVersion = 14.0.24720.0
MinimumVisualStudioVersion = 10.0.40219.1
Project("{2150E333-8FDC-42A3-9474-1A3956D46DE8}") = "Solution Items", "Solution Items", "{DF41F5CE-8BCB-40CC-835F-54A3DB7D802F}"
	ProjectSection(SolutionItems) = preProject
		DocX.vsmdi = DocX.vsmdi
		Local.testsettings = Local.testsettings
		TraceAndTestImpact.testsettings = TraceAndTestImpact.testsettings
	EndProjectSection
EndProject
Project("{FAE04EC0-301F-11D3-BF4B-00C04F79EFBC}") = "DocX", "DocX\DocX.csproj", "{E863D072-AA8B-4108-B5F1-785241B37F67}"
EndProject
Project("{FAE04EC0-301F-11D3-BF4B-00C04F79EFBC}") = "UnitTests", "UnitTests\UnitTests.csproj", "{3EA73F1C-9E0B-4ED5-B04B-6C043D14D1AA}"
	ProjectSection(ProjectDependencies) = postProject
		{E863D072-AA8B-4108-B5F1-785241B37F67} = {E863D072-AA8B-4108-B5F1-785241B37F67}
	EndProjectSection
EndProject
Project("{FAE04EC0-301F-11D3-BF4B-00C04F79EFBC}") = "Examples", "Examples\Examples.csproj", "{F3022BB7-0E40-4C80-A495-37FEAF3671AB}"
	ProjectSection(ProjectDependencies) = postProject
		{E863D072-AA8B-4108-B5F1-785241B37F67} = {E863D072-AA8B-4108-B5F1-785241B37F67}
	EndProjectSection
EndProject
Project("{7CF6DF6D-3B04-46F8-A40B-537D21BCA0B4}") = "Documentation", "Documentation\Documentation.shfbproj", "{1EB1EE8F-9978-425B-A742-533DCCEB4811}"
	ProjectSection(ProjectDependencies) = postProject
		{E863D072-AA8B-4108-B5F1-785241B37F67} = {E863D072-AA8B-4108-B5F1-785241B37F67}
	EndProjectSection
EndProject
Global
	GlobalSection(SolutionConfigurationPlatforms) = preSolution
		Debug|Any CPU = Debug|Any CPU
		Debug|Mixed Platforms = Debug|Mixed Platforms
		Debug|x86 = Debug|x86
		Release|Any CPU = Release|Any CPU
		Release|Mixed Platforms = Release|Mixed Platforms
		Release|x86 = Release|x86
	EndGlobalSection
	GlobalSection(ProjectConfigurationPlatforms) = postSolution
		{E863D072-AA8B-4108-B5F1-785241B37F67}.Debug|Any CPU.ActiveCfg = Debug|Any CPU
		{E863D072-AA8B-4108-B5F1-785241B37F67}.Debug|Any CPU.Build.0 = Debug|Any CPU
		{E863D072-AA8B-4108-B5F1-785241B37F67}.Debug|Mixed Platforms.ActiveCfg = Debug|Any CPU
		{E863D072-AA8B-4108-B5F1-785241B37F67}.Debug|Mixed Platforms.Build.0 = Debug|Any CPU
		{E863D072-AA8B-4108-B5F1-785241B37F67}.Debug|x86.ActiveCfg = Debug|Any CPU
		{E863D072-AA8B-4108-B5F1-785241B37F67}.Release|Any CPU.ActiveCfg = Release|Any CPU
		{E863D072-AA8B-4108-B5F1-785241B37F67}.Release|Any CPU.Build.0 = Release|Any CPU
		{E863D072-AA8B-4108-B5F1-785241B37F67}.Release|Mixed Platforms.ActiveCfg = Release|Any CPU
		{E863D072-AA8B-4108-B5F1-785241B37F67}.Release|Mixed Platforms.Build.0 = Release|Any CPU
		{E863D072-AA8B-4108-B5F1-785241B37F67}.Release|x86.ActiveCfg = Release|Any CPU
		{3EA73F1C-9E0B-4ED5-B04B-6C043D14D1AA}.Debug|Any CPU.ActiveCfg = Debug|Any CPU
		{3EA73F1C-9E0B-4ED5-B04B-6C043D14D1AA}.Debug|Any CPU.Build.0 = Debug|Any CPU
		{3EA73F1C-9E0B-4ED5-B04B-6C043D14D1AA}.Debug|Mixed Platforms.ActiveCfg = Debug|Any CPU
		{3EA73F1C-9E0B-4ED5-B04B-6C043D14D1AA}.Debug|Mixed Platforms.Build.0 = Debug|Any CPU
		{3EA73F1C-9E0B-4ED5-B04B-6C043D14D1AA}.Debug|x86.ActiveCfg = Debug|Any CPU
		{3EA73F1C-9E0B-4ED5-B04B-6C043D14D1AA}.Release|Any CPU.ActiveCfg = Release|Any CPU
		{3EA73F1C-9E0B-4ED5-B04B-6C043D14D1AA}.Release|Any CPU.Build.0 = Release|Any CPU
		{3EA73F1C-9E0B-4ED5-B04B-6C043D14D1AA}.Release|Mixed Platforms.ActiveCfg = Release|Any CPU
		{3EA73F1C-9E0B-4ED5-B04B-6C043D14D1AA}.Release|Mixed Platforms.Build.0 = Release|Any CPU
		{3EA73F1C-9E0B-4ED5-B04B-6C043D14D1AA}.Release|x86.ActiveCfg = Release|Any CPU
		{F3022BB7-0E40-4C80-A495-37FEAF3671AB}.Debug|Any CPU.ActiveCfg = Debug|Any CPU
		{F3022BB7-0E40-4C80-A495-37FEAF3671AB}.Debug|Any CPU.Build.0 = Debug|Any CPU
		{F3022BB7-0E40-4C80-A495-37FEAF3671AB}.Debug|Mixed Platforms.ActiveCfg = Debug|Any CPU
		{F3022BB7-0E40-4C80-A495-37FEAF3671AB}.Debug|Mixed Platforms.Build.0 = Debug|Any CPU
		{F3022BB7-0E40-4C80-A495-37FEAF3671AB}.Debug|x86.ActiveCfg = Debug|x86
		{F3022BB7-0E40-4C80-A495-37FEAF3671AB}.Debug|x86.Build.0 = Debug|x86
		{F3022BB7-0E40-4C80-A495-37FEAF3671AB}.Release|Any CPU.ActiveCfg = Release|Any CPU
		{F3022BB7-0E40-4C80-A495-37FEAF3671AB}.Release|Any CPU.Build.0 = Release|Any CPU
		{F3022BB7-0E40-4C80-A495-37FEAF3671AB}.Release|Mixed Platforms.ActiveCfg = Release|Any CPU
		{F3022BB7-0E40-4C80-A495-37FEAF3671AB}.Release|Mixed Platforms.Build.0 = Release|Any CPU
		{F3022BB7-0E40-4C80-A495-37FEAF3671AB}.Release|x86.ActiveCfg = Release|x86
		{F3022BB7-0E40-4C80-A495-37FEAF3671AB}.Release|x86.Build.0 = Release|x86
		{1EB1EE8F-9978-425B-A742-533DCCEB4811}.Debug|Any CPU.ActiveCfg = Debug|Any CPU
		{1EB1EE8F-9978-425B-A742-533DCCEB4811}.Debug|Mixed Platforms.ActiveCfg = Debug|Any CPU
		{1EB1EE8F-9978-425B-A742-533DCCEB4811}.Debug|x86.ActiveCfg = Debug|Any CPU
		{1EB1EE8F-9978-425B-A742-533DCCEB4811}.Release|Any CPU.ActiveCfg = Release|Any CPU
		{1EB1EE8F-9978-425B-A742-533DCCEB4811}.Release|Any CPU.Build.0 = Release|Any CPU
		{1EB1EE8F-9978-425B-A742-533DCCEB4811}.Release|Mixed Platforms.ActiveCfg = Release|Any CPU
		{1EB1EE8F-9978-425B-A742-533DCCEB4811}.Release|Mixed Platforms.Build.0 = Release|Any CPU
		{1EB1EE8F-9978-425B-A742-533DCCEB4811}.Release|x86.ActiveCfg = Release|Any CPU
	EndGlobalSection
	GlobalSection(SolutionProperties) = preSolution
		HideSolutionNode = FALSE
	EndGlobalSection
	GlobalSection(TestCaseManagementSettings) = postSolution
		CategoryFile = DocX.vsmdi
	EndGlobalSection
EndGlobal
