
Microsoft Visual Studio Solution File, Format Version 12.00
# Visual Studio Version 16
VisualStudioVersion = 16.0.29326.143
MinimumVisualStudioVersion = 10.0.40219.1
Project("{FAE04EC0-301F-11D3-BF4B-00C04F79EFBC}") = "Xceed.Words.NET.Examples", "Xceed.Words.NET.Examples\Xceed.Words.NET.Examples.csproj", "{F3022BB7-0E40-4C80-A495-37FEAF3671AB}"
EndProject
Project("{FAE04EC0-301F-11D3-BF4B-00C04F79EFBC}") = "Xceed.Words.NET", "Xceed.Words.NET\Xceed.Words.NET.csproj", "{6A9B96D0-A011-4F33-8EE2-AC31C948CCA9}"
EndProject
Project("{FAE04EC0-301F-11D3-BF4B-00C04F79EFBC}") = "Xceed.Document.NET", "Xceed.Document.NET\Xceed.Document.NET.csproj", "{E863D072-AA8B-4108-B5F1-785241B37F67}"
EndProject
Project("{9A19103F-16F7-4668-BE54-9A1E7A4F7556}") = "Xceed.Words.NETCore", "Xceed.Words.NET\Xceed.Words.NETCore.csproj", "{115CFF51-E5FC-4E39-A3AC-3D8AF9383773}"
EndProject
Project("{FAE04EC0-301F-11D3-BF4B-00C04F79EFBC}") = "Xceed.Document.NETCore", "Xceed.Document.NET\Xceed.Document.NETCore.csproj", "{29B91334-6106-45DA-9CE2-751CFF156F85}"
EndProject
Global
	GlobalSection(SolutionConfigurationPlatforms) = preSolution
		Debug|Any CPU = Debug|Any CPU
		Debug|Mixed Platforms = Debug|Mixed Platforms
		Debug|x86 = Debug|x86
		PerformanceTest|Any CPU = PerformanceTest|Any CPU
		PerformanceTest|Mixed Platforms = PerformanceTest|Mixed Platforms
		PerformanceTest|x86 = PerformanceTest|x86
		Release|Any CPU = Release|Any CPU
		Release|Mixed Platforms = Release|Mixed Platforms
		Release|x86 = Release|x86
	EndGlobalSection
	GlobalSection(ProjectConfigurationPlatforms) = postSolution
		{F3022BB7-0E40-4C80-A495-37FEAF3671AB}.Debug|Any CPU.ActiveCfg = Debug|x86
		{F3022BB7-0E40-4C80-A495-37FEAF3671AB}.Debug|Mixed Platforms.ActiveCfg = Debug|x86
		{F3022BB7-0E40-4C80-A495-37FEAF3671AB}.Debug|Mixed Platforms.Build.0 = Debug|x86
		{F3022BB7-0E40-4C80-A495-37FEAF3671AB}.Debug|x86.ActiveCfg = Debug|x86
		{F3022BB7-0E40-4C80-A495-37FEAF3671AB}.Debug|x86.Build.0 = Debug|x86
		{F3022BB7-0E40-4C80-A495-37FEAF3671AB}.PerformanceTest|Any CPU.ActiveCfg = Release|x86
		{F3022BB7-0E40-4C80-A495-37FEAF3671AB}.PerformanceTest|Any CPU.Build.0 = Release|x86
		{F3022BB7-0E40-4C80-A495-37FEAF3671AB}.PerformanceTest|Mixed Platforms.ActiveCfg = Release|x86
		{F3022BB7-0E40-4C80-A495-37FEAF3671AB}.PerformanceTest|Mixed Platforms.Build.0 = Release|x86
		{F3022BB7-0E40-4C80-A495-37FEAF3671AB}.PerformanceTest|x86.ActiveCfg = Release|x86
		{F3022BB7-0E40-4C80-A495-37FEAF3671AB}.PerformanceTest|x86.Build.0 = Release|x86
		{F3022BB7-0E40-4C80-A495-37FEAF3671AB}.Release|Any CPU.ActiveCfg = Release|x86
		{F3022BB7-0E40-4C80-A495-37FEAF3671AB}.Release|Mixed Platforms.ActiveCfg = Release|x86
		{F3022BB7-0E40-4C80-A495-37FEAF3671AB}.Release|Mixed Platforms.Build.0 = Release|x86
		{F3022BB7-0E40-4C80-A495-37FEAF3671AB}.Release|x86.ActiveCfg = Release|x86
		{F3022BB7-0E40-4C80-A495-37FEAF3671AB}.Release|x86.Build.0 = Release|x86
		{6A9B96D0-A011-4F33-8EE2-AC31C948CCA9}.Debug|Any CPU.ActiveCfg = Debug|Any CPU
		{6A9B96D0-A011-4F33-8EE2-AC31C948CCA9}.Debug|Any CPU.Build.0 = Debug|Any CPU
		{6A9B96D0-A011-4F33-8EE2-AC31C948CCA9}.Debug|Mixed Platforms.ActiveCfg = Debug|Any CPU
		{6A9B96D0-A011-4F33-8EE2-AC31C948CCA9}.Debug|Mixed Platforms.Build.0 = Debug|Any CPU
		{6A9B96D0-A011-4F33-8EE2-AC31C948CCA9}.Debug|x86.ActiveCfg = Debug|Any CPU
		{6A9B96D0-A011-4F33-8EE2-AC31C948CCA9}.Debug|x86.Build.0 = Debug|Any CPU
		{6A9B96D0-A011-4F33-8EE2-AC31C948CCA9}.PerformanceTest|Any CPU.ActiveCfg = Release|Any CPU
		{6A9B96D0-A011-4F33-8EE2-AC31C948CCA9}.PerformanceTest|Any CPU.Build.0 = Release|Any CPU
		{6A9B96D0-A011-4F33-8EE2-AC31C948CCA9}.PerformanceTest|Mixed Platforms.ActiveCfg = Release|Any CPU
		{6A9B96D0-A011-4F33-8EE2-AC31C948CCA9}.PerformanceTest|Mixed Platforms.Build.0 = Release|Any CPU
		{6A9B96D0-A011-4F33-8EE2-AC31C948CCA9}.PerformanceTest|x86.ActiveCfg = Release|Any CPU
		{6A9B96D0-A011-4F33-8EE2-AC31C948CCA9}.PerformanceTest|x86.Build.0 = Release|Any CPU
		{6A9B96D0-A011-4F33-8EE2-AC31C948CCA9}.Release|Any CPU.ActiveCfg = Release|Any CPU
		{6A9B96D0-A011-4F33-8EE2-AC31C948CCA9}.Release|Any CPU.Build.0 = Release|Any CPU
		{6A9B96D0-A011-4F33-8EE2-AC31C948CCA9}.Release|Mixed Platforms.ActiveCfg = Release|Any CPU
		{6A9B96D0-A011-4F33-8EE2-AC31C948CCA9}.Release|Mixed Platforms.Build.0 = Release|Any CPU
		{6A9B96D0-A011-4F33-8EE2-AC31C948CCA9}.Release|x86.ActiveCfg = Release|Any CPU
		{6A9B96D0-A011-4F33-8EE2-AC31C948CCA9}.Release|x86.Build.0 = Release|Any CPU
		{E863D072-AA8B-4108-B5F1-785241B37F67}.Debug|Any CPU.ActiveCfg = Debug|Any CPU
		{E863D072-AA8B-4108-B5F1-785241B37F67}.Debug|Any CPU.Build.0 = Debug|Any CPU
		{E863D072-AA8B-4108-B5F1-785241B37F67}.Debug|Mixed Platforms.ActiveCfg = Debug|Any CPU
		{E863D072-AA8B-4108-B5F1-785241B37F67}.Debug|Mixed Platforms.Build.0 = Debug|Any CPU
		{E863D072-AA8B-4108-B5F1-785241B37F67}.Debug|x86.ActiveCfg = Debug|Any CPU
		{E863D072-AA8B-4108-B5F1-785241B37F67}.Debug|x86.Build.0 = Debug|Any CPU
		{E863D072-AA8B-4108-B5F1-785241B37F67}.PerformanceTest|Any CPU.ActiveCfg = Release|Any CPU
		{E863D072-AA8B-4108-B5F1-785241B37F67}.PerformanceTest|Any CPU.Build.0 = Release|Any CPU
		{E863D072-AA8B-4108-B5F1-785241B37F67}.PerformanceTest|Mixed Platforms.ActiveCfg = Release|Any CPU
		{E863D072-AA8B-4108-B5F1-785241B37F67}.PerformanceTest|Mixed Platforms.Build.0 = Release|Any CPU
		{E863D072-AA8B-4108-B5F1-785241B37F67}.PerformanceTest|x86.ActiveCfg = Release|Any CPU
		{E863D072-AA8B-4108-B5F1-785241B37F67}.PerformanceTest|x86.Build.0 = Release|Any CPU
		{E863D072-AA8B-4108-B5F1-785241B37F67}.Release|Any CPU.ActiveCfg = Release|Any CPU
		{E863D072-AA8B-4108-B5F1-785241B37F67}.Release|Any CPU.Build.0 = Release|Any CPU
		{E863D072-AA8B-4108-B5F1-785241B37F67}.Release|Mixed Platforms.ActiveCfg = Release|Any CPU
		{E863D072-AA8B-4108-B5F1-785241B37F67}.Release|Mixed Platforms.Build.0 = Release|Any CPU
		{E863D072-AA8B-4108-B5F1-785241B37F67}.Release|x86.ActiveCfg = Release|Any CPU
		{E863D072-AA8B-4108-B5F1-785241B37F67}.Release|x86.Build.0 = Release|Any CPU
		{115CFF51-E5FC-4E39-A3AC-3D8AF9383773}.Debug|Any CPU.ActiveCfg = Debug|Any CPU
		{115CFF51-E5FC-4E39-A3AC-3D8AF9383773}.Debug|Any CPU.Build.0 = Debug|Any CPU
		{115CFF51-E5FC-4E39-A3AC-3D8AF9383773}.Debug|Mixed Platforms.ActiveCfg = Debug|Any CPU
		{115CFF51-E5FC-4E39-A3AC-3D8AF9383773}.Debug|Mixed Platforms.Build.0 = Debug|Any CPU
		{115CFF51-E5FC-4E39-A3AC-3D8AF9383773}.Debug|x86.ActiveCfg = Debug|Any CPU
		{115CFF51-E5FC-4E39-A3AC-3D8AF9383773}.Debug|x86.Build.0 = Debug|Any CPU
		{115CFF51-E5FC-4E39-A3AC-3D8AF9383773}.PerformanceTest|Any CPU.ActiveCfg = Debug|Any CPU
		{115CFF51-E5FC-4E39-A3AC-3D8AF9383773}.PerformanceTest|Any CPU.Build.0 = Debug|Any CPU
		{115CFF51-E5FC-4E39-A3AC-3D8AF9383773}.PerformanceTest|Mixed Platforms.ActiveCfg = Debug|Any CPU
		{115CFF51-E5FC-4E39-A3AC-3D8AF9383773}.PerformanceTest|Mixed Platforms.Build.0 = Debug|Any CPU
		{115CFF51-E5FC-4E39-A3AC-3D8AF9383773}.PerformanceTest|x86.ActiveCfg = Debug|Any CPU
		{115CFF51-E5FC-4E39-A3AC-3D8AF9383773}.PerformanceTest|x86.Build.0 = Debug|Any CPU
		{115CFF51-E5FC-4E39-A3AC-3D8AF9383773}.Release|Any CPU.ActiveCfg = Release|Any CPU
		{115CFF51-E5FC-4E39-A3AC-3D8AF9383773}.Release|Any CPU.Build.0 = Release|Any CPU
		{115CFF51-E5FC-4E39-A3AC-3D8AF9383773}.Release|Mixed Platforms.ActiveCfg = Release|Any CPU
		{115CFF51-E5FC-4E39-A3AC-3D8AF9383773}.Release|Mixed Platforms.Build.0 = Release|Any CPU
		{115CFF51-E5FC-4E39-A3AC-3D8AF9383773}.Release|x86.ActiveCfg = Release|Any CPU
		{115CFF51-E5FC-4E39-A3AC-3D8AF9383773}.Release|x86.Build.0 = Release|Any CPU
		{29B91334-6106-45DA-9CE2-751CFF156F85}.Debug|Any CPU.ActiveCfg = Debug|Any CPU
		{29B91334-6106-45DA-9CE2-751CFF156F85}.Debug|Any CPU.Build.0 = Debug|Any CPU
		{29B91334-6106-45DA-9CE2-751CFF156F85}.Debug|Mixed Platforms.ActiveCfg = Debug|Any CPU
		{29B91334-6106-45DA-9CE2-751CFF156F85}.Debug|Mixed Platforms.Build.0 = Debug|Any CPU
		{29B91334-6106-45DA-9CE2-751CFF156F85}.Debug|x86.ActiveCfg = Debug|Any CPU
		{29B91334-6106-45DA-9CE2-751CFF156F85}.Debug|x86.Build.0 = Debug|Any CPU
		{29B91334-6106-45DA-9CE2-751CFF156F85}.PerformanceTest|Any CPU.ActiveCfg = Release|Any CPU
		{29B91334-6106-45DA-9CE2-751CFF156F85}.PerformanceTest|Any CPU.Build.0 = Release|Any CPU
		{29B91334-6106-45DA-9CE2-751CFF156F85}.PerformanceTest|Mixed Platforms.ActiveCfg = Release|Any CPU
		{29B91334-6106-45DA-9CE2-751CFF156F85}.PerformanceTest|Mixed Platforms.Build.0 = Release|Any CPU
		{29B91334-6106-45DA-9CE2-751CFF156F85}.PerformanceTest|x86.ActiveCfg = Release|Any CPU
		{29B91334-6106-45DA-9CE2-751CFF156F85}.PerformanceTest|x86.Build.0 = Release|Any CPU
		{29B91334-6106-45DA-9CE2-751CFF156F85}.Release|Any CPU.ActiveCfg = Release|Any CPU
		{29B91334-6106-45DA-9CE2-751CFF156F85}.Release|Any CPU.Build.0 = Release|Any CPU
		{29B91334-6106-45DA-9CE2-751CFF156F85}.Release|Mixed Platforms.ActiveCfg = Release|Any CPU
		{29B91334-6106-45DA-9CE2-751CFF156F85}.Release|Mixed Platforms.Build.0 = Release|Any CPU
		{29B91334-6106-45DA-9CE2-751CFF156F85}.Release|x86.ActiveCfg = Release|Any CPU
		{29B91334-6106-45DA-9CE2-751CFF156F85}.Release|x86.Build.0 = Release|Any CPU
	EndGlobalSection
	GlobalSection(SolutionProperties) = preSolution
		HideSolutionNode = FALSE
	EndGlobalSection
	GlobalSection(ExtensibilityGlobals) = postSolution
		SolutionGuid = {ADA39414-8C91-4B1B-937D-A46399E43070}
	EndGlobalSection
	GlobalSection(TestCaseManagementSettings) = postSolution
		CategoryFile = Xceed.Words.NET.vsmdi
	EndGlobalSection
EndGlobal
